
Microsoft Visual Studio Solution File, Format Version 12.00
# Visual Studio Version 16
VisualStudioVersion = 16.0.809.9
MinimumVisualStudioVersion = 10.0.40219.1
Project("{FAE04EC0-301F-11D3-BF4B-00C04F79EFBC}") = "LeetCodeTest", "LeetCodeTest\LeetCodeTest.csproj", "{730A0C8E-025C-41EC-BB7B-88CE6E272CB3}"
EndProject
Global
	GlobalSection(SolutionConfigurationPlatforms) = preSolution
		Debug|Any CPU = Debug|Any CPU
		Release|Any CPU = Release|Any CPU
	EndGlobalSection
	GlobalSection(ProjectConfigurationPlatforms) = postSolution
		{730A0C8E-025C-41EC-BB7B-88CE6E272CB3}.Debug|Any CPU.ActiveCfg = Debug|Any CPU
		{730A0C8E-025C-41EC-BB7B-88CE6E272CB3}.Debug|Any CPU.Build.0 = Debug|Any CPU
		{730A0C8E-025C-41EC-BB7B-88CE6E272CB3}.Release|Any CPU.ActiveCfg = Release|Any CPU
		{730A0C8E-025C-41EC-BB7B-88CE6E272CB3}.Release|Any CPU.Build.0 = Release|Any CPU
	EndGlobalSection
	GlobalSection(SolutionProperties) = preSolution
		HideSolutionNode = FALSE
	EndGlobalSection
	GlobalSection(ExtensibilityGlobals) = postSolution
		SolutionGuid = {2DC77DBD-80D8-43F2-978C-1C323CD72DD5}
	EndGlobalSection
EndGlobal
